
Microsoft Visual Studio Solution File, Format Version 12.00
# Visual Studio Version 16
VisualStudioVersion = 16.0.29215.179
MinimumVisualStudioVersion = 10.0.40219.1
Project("{FAE04EC0-301F-11D3-BF4B-00C04F79EFBC}") = "Shadowrun Matrix Host Generator", "Shadowrun Matrix Host Generator.csproj", "{D6E99E5B-9771-4B1C-A198-DEB368ECC214}"
EndProject
Global
	GlobalSection(SolutionConfigurationPlatforms) = preSolution
		Debug|Any CPU = Debug|Any CPU
		Release|Any CPU = Release|Any CPU
	EndGlobalSection
	GlobalSection(ProjectConfigurationPlatforms) = postSolution
		{D6E99E5B-9771-4B1C-A198-DEB368ECC214}.Debug|Any CPU.ActiveCfg = Debug|Any CPU
		{D6E99E5B-9771-4B1C-A198-DEB368ECC214}.Debug|Any CPU.Build.0 = Debug|Any CPU
		{D6E99E5B-9771-4B1C-A198-DEB368ECC214}.Release|Any CPU.ActiveCfg = Release|Any CPU
		{D6E99E5B-9771-4B1C-A198-DEB368ECC214}.Release|Any CPU.Build.0 = Release|Any CPU
	EndGlobalSection
	GlobalSection(SolutionProperties) = preSolution
		HideSolutionNode = FALSE
	EndGlobalSection
	GlobalSection(ExtensibilityGlobals) = postSolution
		SolutionGuid = {FB9B5044-F228-455D-B7B2-72F6467D5682}
	EndGlobalSection
EndGlobal
